
Microsoft Visual Studio Solution File, Format Version 12.00
# Visual Studio 15
VisualStudioVersion = 15.0.28307.329
MinimumVisualStudioVersion = 10.0.40219.1
Project("{FAE04EC0-301F-11D3-BF4B-00C04F79EFBC}") = "Students", "Students\Students.csproj", "{CDEC111A-911C-4E0F-A469-83FFC658C5A8}"
EndProject
Project("{FAE04EC0-301F-11D3-BF4B-00C04F79EFBC}") = "Students.Model", "Students.Model\Students.Model.csproj", "{4D9F8D29-ADFD-49D3-BA3C-065F572920BE}"
EndProject
Project("{FAE04EC0-301F-11D3-BF4B-00C04F79EFBC}") = "Students.Data", "Students.Data\Students.Data.csproj", "{19966912-2DDE-495F-A954-F94749328245}"
EndProject
Global
	GlobalSection(SolutionConfigurationPlatforms) = preSolution
		Debug|Any CPU = Debug|Any CPU
		Release|Any CPU = Release|Any CPU
	EndGlobalSection
	GlobalSection(ProjectConfigurationPlatforms) = postSolution
		{CDEC111A-911C-4E0F-A469-83FFC658C5A8}.Debug|Any CPU.ActiveCfg = Debug|Any CPU
		{CDEC111A-911C-4E0F-A469-83FFC658C5A8}.Debug|Any CPU.Build.0 = Debug|Any CPU
		{CDEC111A-911C-4E0F-A469-83FFC658C5A8}.Release|Any CPU.ActiveCfg = Release|Any CPU
		{CDEC111A-911C-4E0F-A469-83FFC658C5A8}.Release|Any CPU.Build.0 = Release|Any CPU
		{4D9F8D29-ADFD-49D3-BA3C-065F572920BE}.Debug|Any CPU.ActiveCfg = Debug|Any CPU
		{4D9F8D29-ADFD-49D3-BA3C-065F572920BE}.Debug|Any CPU.Build.0 = Debug|Any CPU
		{4D9F8D29-ADFD-49D3-BA3C-065F572920BE}.Release|Any CPU.ActiveCfg = Release|Any CPU
		{4D9F8D29-ADFD-49D3-BA3C-065F572920BE}.Release|Any CPU.Build.0 = Release|Any CPU
		{19966912-2DDE-495F-A954-F94749328245}.Debug|Any CPU.ActiveCfg = Debug|Any CPU
		{19966912-2DDE-495F-A954-F94749328245}.Debug|Any CPU.Build.0 = Debug|Any CPU
		{19966912-2DDE-495F-A954-F94749328245}.Release|Any CPU.ActiveCfg = Release|Any CPU
		{19966912-2DDE-495F-A954-F94749328245}.Release|Any CPU.Build.0 = Release|Any CPU
	EndGlobalSection
	GlobalSection(SolutionProperties) = preSolution
		HideSolutionNode = FALSE
	EndGlobalSection
	GlobalSection(ExtensibilityGlobals) = postSolution
		SolutionGuid = {DB3B6722-29FD-442E-8B44-374CD72E6D0C}
	EndGlobalSection
EndGlobal
