
Microsoft Visual Studio Solution File, Format Version 12.00
# Visual Studio 15
VisualStudioVersion = 15.0.28307.329
MinimumVisualStudioVersion = 10.0.40219.1
Project("{9A19103F-16F7-4668-BE54-9A1E7A4F7556}") = "Students", "Students\Students.csproj", "{CDEC111A-911C-4E0F-A469-83FFC658C5A8}"
EndProject
Global
	GlobalSection(SolutionConfigurationPlatforms) = preSolution
		Debug|Any CPU = Debug|Any CPU
		Release|Any CPU = Release|Any CPU
	EndGlobalSection
	GlobalSection(ProjectConfigurationPlatforms) = postSolution
		{CDEC111A-911C-4E0F-A469-83FFC658C5A8}.Debug|Any CPU.ActiveCfg = Debug|Any CPU
		{CDEC111A-911C-4E0F-A469-83FFC658C5A8}.Debug|Any CPU.Build.0 = Debug|Any CPU
		{CDEC111A-911C-4E0F-A469-83FFC658C5A8}.Release|Any CPU.ActiveCfg = Release|Any CPU
		{CDEC111A-911C-4E0F-A469-83FFC658C5A8}.Release|Any CPU.Build.0 = Release|Any CPU
	EndGlobalSection
	GlobalSection(SolutionProperties) = preSolution
		HideSolutionNode = FALSE
	EndGlobalSection
	GlobalSection(ExtensibilityGlobals) = postSolution
		SolutionGuid = {DB3B6722-29FD-442E-8B44-374CD72E6D0C}
	EndGlobalSection
EndGlobal
